version = 1
revision = 3
requires-python = ">=3.14"

[[package]]
name = "anyio"
version = "4.13.0"
source = { registry = "https://pypi.org/simple" }
dependencies = [
    { name = "idna" },
]
sdist = { url = "https://files.pythonhosted.org/packages/19/14/2c5dd9f512b66549ae92767a9c7b330ae88e1932ca57876909410251fe13/anyio-4.13.0.tar.gz", hash = "sha256:334b70e641fd2221c1505b3890c69882fe4a2df910cba14d97019b90b24439dc", size = 231622, upload-time = "2026-03-24T12:59:09.671Z" }
wheels = [
    { url = "https://files.pythonhosted.org/packages/da/42/e921fccf5015463e32a3cf6ee7f980a6ed0f395ceeaa45060b61d86486c2/anyio-4.13.0-py3-none-any.whl", hash = "sha256:08b310f9e24a9594186fd75b4f73f4a4152069e3853f1ed8bfbf58369f4ad708", size = 114353, upload-time = "2026-03-24T12:59:08.246Z" },
]

[[package]]
name = "asgiref"
version = "3.11.1"
source = { registry = "https://pypi.org/simple" }
sdist = { url = "https://files.pythonhosted.org/packages/63/40/f03da1264ae8f7cfdbf9146542e5e7e8100a4c66ab48e791df9a03d3f6c0/asgiref-3.11.1.tar.gz", hash = "sha256:5f184dc43b7e763efe848065441eac62229c9f7b0475f41f80e207a114eda4ce", size = 38550, upload-time = "2026-02-03T13:30:14.33Z" }
wheels = [
    { url = "https://files.pythonhosted.org/packages/5c/0a/a72d10ed65068e115044937873362e6e32fab1b7dce0046aeb224682c989/asgiref-3.11.1-py3-none-any.whl", hash = "sha256:e8667a091e69529631969fd45dc268fa79b99c92c5fcdda727757e52146ec133", size = 24345, upload-time = "2026-02-03T13:30:13.039Z" },
]

[[package]]
name = "certifi"
version = "2026.2.25"
source = { registry = "https://pypi.org/simple" }
sdist = { url = "https://files.pythonhosted.org/packages/af/2d/7bf41579a8986e348fa033a31cdd0e4121114f6bce2457e8876010b092dd/certifi-2026.2.25.tar.gz", hash = "sha256:e887ab5cee78ea814d3472169153c2d12cd43b14bd03329a39a9c6e2e80bfba7", size = 155029, upload-time = "2026-02-25T02:54:17.342Z" }
wheels = [
    { url = "https://files.pythonhosted.org/packages/9a/3c/c17fb3ca2d9c3acff52e30b309f538586f9f5b9c9cf454f3845fc9af4881/certifi-2026.2.25-py3-none-any.whl", hash = "sha256:027692e4402ad994f1c42e52a4997a9763c646b73e4096e4d5d6db8af1d6f0fa", size = 153684, upload-time = "2026-02-25T02:54:15.766Z" },
]

[[package]]
name = "click"
version = "8.3.2"
source = { registry = "https://pypi.org/simple" }
dependencies = [
    { name = "colorama", marker = "sys_platform == 'win32'" },
]
sdist = { url = "https://files.pythonhosted.org/packages/57/75/31212c6bf2503fdf920d87fee5d7a86a2e3bcf444984126f13d8e4016804/click-8.3.2.tar.gz", hash = "sha256:14162b8b3b3550a7d479eafa77dfd3c38d9dc8951f6f69c78913a8f9a7540fd5", size = 302856, upload-time = "2026-04-03T19:14:45.118Z" }
wheels = [
    { url = "https://files.pythonhosted.org/packages/e4/20/71885d8b97d4f3dde17b1fdb92dbd4908b00541c5a3379787137285f602e/click-8.3.2-py3-none-any.whl", hash = "sha256:1924d2c27c5653561cd2cae4548d1406039cb79b858b747cfea24924bbc1616d", size = 108379, upload-time = "2026-04-03T19:14:43.505Z" },
]

[[package]]
name = "colorama"
version = "0.4.6"
source = { registry = "https://pypi.org/simple" }
sdist = { url = "https://files.pythonhosted.org/packages/d8/53/6f443c9a4a8358a93a6792e2acffb9d9d5cb0a5cfd8802644b7b1c9a02e4/colorama-0.4.6.tar.gz", hash = "sha256:08695f5cb7ed6e0531a20572697297273c47b8cae5a63ffc6d6ed5c201be6e44", size = 27697, upload-time = "2022-10-25T02:36:22.414Z" }
wheels = [
    { url = "https://files.pythonhosted.org/packages/d1/d6/3965ed04c63042e047cb6a3e6ed1a63a35087b6a609aa3a15ed8ac56c221/colorama-0.4.6-py2.py3-none-any.whl", hash = "sha256:4f1d9991f5acc0ca119f9d443620b77f9d6b33703e51011c16baf57afb285fc6", size = 25335, upload-time = "2022-10-25T02:36:20.889Z" },
]

[[package]]
name = "defusedxml"
version = "0.7.1"
source = { registry = "https://pypi.org/simple" }
sdist = { url = "https://files.pythonhosted.org/packages/0f/d5/c66da9b79e5bdb124974bfe172b4daf3c984ebd9c2a06e2b8a4dc7331c72/defusedxml-0.7.1.tar.gz", hash = "sha256:1bb3032db185915b62d7c6209c5a8792be6a32ab2fedacc84e01b52c51aa3e69", size = 75520, upload-time = "2021-03-08T10:59:26.269Z" }
wheels = [
    { url = "https://files.pythonhosted.org/packages/07/6c/aa3f2f849e01cb6a001cd8554a88d4c77c5c1a31c95bdf1cf9301e6d9ef4/defusedxml-0.7.1-py2.py3-none-any.whl", hash = "sha256:a352e7e428770286cc899e2542b6cdaedb2b4953ff269a210103ec58f6198a61", size = 25604, upload-time = "2021-03-08T10:59:24.45Z" },
]

[[package]]
name = "django"
version = "6.0.4"
source = { registry = "https://pypi.org/simple" }
dependencies = [
    { name = "asgiref" },
    { name = "sqlparse" },
    { name = "tzdata", marker = "sys_platform == 'win32'" },
]
sdist = { url = "https://files.pythonhosted.org/packages/60/b9/4155091ad1788b38563bd77a7258c0834e8c12a7f56f6975deaf54f8b61d/django-6.0.4.tar.gz", hash = "sha256:8cfa2572b3f2768b2e84983cf3c4811877a01edb64e817986ec5d60751c113ac", size = 10907407, upload-time = "2026-04-07T13:55:44.961Z" }
wheels = [
    { url = "https://files.pythonhosted.org/packages/e9/47/3d61d611609764aa71a37f7037b870e7bfb22937366974c4fd46cada7bab/django-6.0.4-py3-none-any.whl", hash = "sha256:14359c809fc16e8f81fd2b59d7d348e4d2d799da6840b10522b6edf7b8afc1da", size = 8368342, upload-time = "2026-04-07T13:55:37.999Z" },
]

[[package]]
name = "django-analytical"
version = "3.2.0"
source = { registry = "https://pypi.org/simple" }
dependencies = [
    { name = "django" },
]
sdist = { url = "https://files.pythonhosted.org/packages/23/e5/6a149c3abf544c5dc42d1ab5ef70c2b77d9b340a042a9c29fcf45250e03b/django_analytical-3.2.0.tar.gz", hash = "sha256:48de51819b8ae6743838aeddacf7f72a8e85a9bdc8d33d2b89178d154ade7109", size = 83057, upload-time = "2025-07-10T23:07:37.478Z" }
wheels = [
    { url = "https://files.pythonhosted.org/packages/79/f9/e6d298c97de226481556606700fc5ac8db88ccad9c7a95c5d16ed191eb1d/django_analytical-3.2.0-py3-none-any.whl", hash = "sha256:c08e58806a65c8afa155ebc36aa2085b9f100619f41cc40286adb12bd8fd0c23", size = 49402, upload-time = "2025-07-10T23:07:35.558Z" },
]

[[package]]
name = "django-browser-reload"
version = "1.21.0"
source = { registry = "https://pypi.org/simple" }
dependencies = [
    { name = "asgiref" },
    { name = "django" },
]
sdist = { url = "https://files.pythonhosted.org/packages/79/ef/ab407c1a2f14e13c75a6419a2d124954aa0364f62580ad95a3d31dc6c73d/django_browser_reload-1.21.0.tar.gz", hash = "sha256:3335ad3d107eb657f623d1a8e680dfbcab8a83ae1f94df1895e069dddf5604ba", size = 15800, upload-time = "2025-09-22T17:00:35.199Z" }
wheels = [
    { url = "https://files.pythonhosted.org/packages/46/61/1b4a8c589652859995bcab87682286443eb9fdf2d7fd584975b9ffc1db33/django_browser_reload-1.21.0-py3-none-any.whl", hash = "sha256:0b2a86ab460774fa9bb142a121c70e75a72f18109f51a4f6de409cd633d3a70d", size = 12852, upload-time = "2025-09-22T17:00:33.479Z" },
]

[[package]]
name = "django-environ"
version = "0.13.0"
source = { registry = "https://pypi.org/simple" }
sdist = { url = "https://files.pythonhosted.org/packages/18/3c/60983e6ec9b24a8d8588eecebfd21123cba980bce0a905807a27692f0860/django_environ-0.13.0.tar.gz", hash = "sha256:6c401e4c219442c2c4588c2116d5292b5484a6f69163ed09cd41f3943bfb645f", size = 63529, upload-time = "2026-02-18T01:08:08.791Z" }
wheels = [
    { url = "https://files.pythonhosted.org/packages/c4/00/3767393ece946084e1c6830a33ffb8e39d68642e27ad5ac7d4c8bd5de866/django_environ-0.13.0-py3-none-any.whl", hash = "sha256:37799d14cd78222c6fd8298e48bfe17965ff8e586091ad66a463e52e0e7b799e", size = 20682, upload-time = "2026-02-18T01:08:07.359Z" },
]

[[package]]
name = "django-modern-rpc"
version = "2.0.0"
source = { registry = "https://pypi.org/simple" }
dependencies = [
    { name = "defusedxml" },
    { name = "django" },
]
sdist = { url = "https://files.pythonhosted.org/packages/1f/b9/ece75316067f7c7ecbdb0cac50cea6ba48e6c6a810065fe7df2a81bd18e7/django_modern_rpc-2.0.0.tar.gz", hash = "sha256:b3c80daacad806fcff50447aacf8e70cc91bae5914ec48e9a9ea56bd5a38787e", size = 29583, upload-time = "2025-11-10T11:28:48.814Z" }
wheels = [
    { url = "https://files.pythonhosted.org/packages/f1/a6/0fd8fde626af30c90c7467e698a1a284e1b5feb8588c8a8459429f2a07f6/django_modern_rpc-2.0.0-py3-none-any.whl", hash = "sha256:9dc5af87a21cc94f94060d789f77d522cadb4ec5f3994d9bdd6921ea32b11152", size = 43284, upload-time = "2025-11-10T11:28:47.519Z" },
]

[[package]]
name = "django-watchfiles"
version = "1.4.0"
source = { registry = "https://pypi.org/simple" }
dependencies = [
    { name = "django" },
    { name = "watchfiles" },
]
sdist = { url = "https://files.pythonhosted.org/packages/1a/89/51b82766a1c937dea9fb92f0fb7666919d120379fc26dc84ab504e35f37e/django_watchfiles-1.4.0.tar.gz", hash = "sha256:88e253e8e8427834eac467923d334c35010279b3e9ceb5bb91014be83975b11b", size = 8647, upload-time = "2025-09-22T16:34:04.634Z" }
wheels = [
    { url = "https://files.pythonhosted.org/packages/c7/85/3d31f347e1a3eef9be381792df1994ff25e4db4659ab40a5cc3f814e3a1a/django_watchfiles-1.4.0-py3-none-any.whl", hash = "sha256:40cb3180987c63629b0681ab228b65afd68e0f783388cc72a45620378213bb48", size = 6766, upload-time = "2025-09-22T16:34:03.193Z" },
]

[[package]]
name = "gunicorn"
version = "25.3.0"
source = { registry = "https://pypi.org/simple" }
dependencies = [
    { name = "packaging" },
]
sdist = { url = "https://files.pythonhosted.org/packages/c4/f4/e78fa054248fab913e2eab0332c6c2cb07421fca1ce56d8fe43b6aef57a4/gunicorn-25.3.0.tar.gz", hash = "sha256:f74e1b2f9f76f6cd1ca01198968bd2dd65830edc24b6e8e4d78de8320e2fe889", size = 634883, upload-time = "2026-03-27T00:00:26.092Z" }
wheels = [
    { url = "https://files.pythonhosted.org/packages/43/c8/8aaf447698c4d59aa853fd318eed300b5c9e44459f242ab8ead6c9c09792/gunicorn-25.3.0-py3-none-any.whl", hash = "sha256:cacea387dab08cd6776501621c295a904fe8e3b7aae9a1a3cbb26f4e7ed54660", size = 208403, upload-time = "2026-03-27T00:00:27.386Z" },
]

[[package]]
name = "h11"
version = "0.16.0"
source = { registry = "https://pypi.org/simple" }
sdist = { url = "https://files.pythonhosted.org/packages/01/ee/02a2c011bdab74c6fb3c75474d40b3052059d95df7e73351460c8588d963/h11-0.16.0.tar.gz", hash = "sha256:4e35b956cf45792e4caa5885e69fba00bdbc6ffafbfa020300e549b208ee5ff1", size = 101250, upload-time = "2025-04-24T03:35:25.427Z" }
wheels = [
    { url = "https://files.pythonhosted.org/packages/04/4b/29cac41a4d98d144bf5f6d33995617b185d14b22401f75ca86f384e87ff1/h11-0.16.0-py3-none-any.whl", hash = "sha256:63cf8bbe7522de3bf65932fda1d9c2772064ffb3dae62d55932da54b31cb6c86", size = 37515, upload-time = "2025-04-24T03:35:24.344Z" },
]

[[package]]
name = "honcho"
version = "2.0.0"
source = { registry = "https://pypi.org/simple" }
dependencies = [
    { name = "colorama", marker = "sys_platform == 'win32'" },
]
sdist = { url = "https://files.pythonhosted.org/packages/65/c8/d860888358bf5c8a6e7d78d1b508b59b0e255afd5655f243b8f65166dafd/honcho-2.0.0.tar.gz", hash = "sha256:af3815c03c634bf67d50f114253ea9fef72ecff26e4fd06b29234789ac5b8b2e", size = 45618, upload-time = "2024-10-06T14:26:53.871Z" }
wheels = [
    { url = "https://files.pythonhosted.org/packages/48/1c/25631fc359955569e63f5446dbb7022c320edf9846cbe892ee5113433a7e/honcho-2.0.0-py3-none-any.whl", hash = "sha256:56dcd04fc72d362a4befb9303b1a1a812cba5da283526fbc6509be122918ddf3", size = 22093, upload-time = "2024-10-06T14:26:52.181Z" },
]

[[package]]
name = "httpcore"
version = "1.0.9"
source = { registry = "https://pypi.org/simple" }
dependencies = [
    { name = "certifi" },
    { name = "h11" },
]
sdist = { url = "https://files.pythonhosted.org/packages/06/94/82699a10bca87a5556c9c59b5963f2d039dbd239f25bc2a63907a05a14cb/httpcore-1.0.9.tar.gz", hash = "sha256:6e34463af53fd2ab5d807f399a9b45ea31c3dfa2276f15a2c3f00afff6e176e8", size = 85484, upload-time = "2025-04-24T22:06:22.219Z" }
wheels = [
    { url = "https://files.pythonhosted.org/packages/7e/f5/f66802a942d491edb555dd61e3a9961140fd64c90bce1eafd741609d334d/httpcore-1.0.9-py3-none-any.whl", hash = "sha256:2d400746a40668fc9dec9810239072b40b4484b640a8c38fd654a024c7a1bf55", size = 78784, upload-time = "2025-04-24T22:06:20.566Z" },
]

[[package]]
name = "httpx"
version = "0.28.1"
source = { registry = "https://pypi.org/simple" }
dependencies = [
    { name = "anyio" },
    { name = "certifi" },
    { name = "httpcore" },
    { name = "idna" },
]
sdist = { url = "https://files.pythonhosted.org/packages/b1/df/48c586a5fe32a0f01324ee087459e112ebb7224f646c0b5023f5e79e9956/httpx-0.28.1.tar.gz", hash = "sha256:75e98c5f16b0f35b567856f597f06ff2270a374470a5c2392242528e3e3e42fc", size = 141406, upload-time = "2024-12-06T15:37:23.222Z" }
wheels = [
    { url = "https://files.pythonhosted.org/packages/2a/39/e50c7c3a983047577ee07d2a9e53faf5a69493943ec3f6a384bdc792deb2/httpx-0.28.1-py3-none-any.whl", hash = "sha256:d909fcccc110f8c7faf814ca82a9a4d816bc5a6dbfea25d6591d6985b8ba59ad", size = 73517, upload-time = "2024-12-06T15:37:21.509Z" },
]

[[package]]
name = "idna"
version = "3.11"
source = { registry = "https://pypi.org/simple" }
sdist = { url = "https://files.pythonhosted.org/packages/6f/6d/0703ccc57f3a7233505399edb88de3cbd678da106337b9fcde432b65ed60/idna-3.11.tar.gz", hash = "sha256:795dafcc9c04ed0c1fb032c2aa73654d8e8c5023a7df64a53f39190ada629902", size = 194582, upload-time = "2025-10-12T14:55:20.501Z" }
wheels = [
    { url = "https://files.pythonhosted.org/packages/0e/61/66938bbb5fc52dbdf84594873d5b51fb1f7c7794e9c0f5bd885f30bc507b/idna-3.11-py3-none-any.whl", hash = "sha256:771a87f49d9defaf64091e6e6fe9c18d4833f140bd19464795bc32d966ca37ea", size = 71008, upload-time = "2025-10-12T14:55:18.883Z" },
]

[[package]]
name = "markdown"
version = "3.10.2"
source = { registry = "https://pypi.org/simple" }
sdist = { url = "https://files.pythonhosted.org/packages/2b/f4/69fa6ed85ae003c2378ffa8f6d2e3234662abd02c10d216c0ba96081a238/markdown-3.10.2.tar.gz", hash = "sha256:994d51325d25ad8aa7ce4ebaec003febcce822c3f8c911e3b17c52f7f589f950", size = 368805, upload-time = "2026-02-09T14:57:26.942Z" }
wheels = [
    { url = "https://files.pythonhosted.org/packages/de/1f/77fa3081e4f66ca3576c896ae5d31c3002ac6607f9747d2e3aa49227e464/markdown-3.10.2-py3-none-any.whl", hash = "sha256:e91464b71ae3ee7afd3017d9f358ef0baf158fd9a298db92f1d4761133824c36", size = 108180, upload-time = "2026-02-09T14:57:25.787Z" },
]

[[package]]
name = "modernrpc-demo"
version = "1.0.0"
source = { virtual = "." }
dependencies = [
    { name = "django" },
    { name = "django-analytical" },
    { name = "django-environ" },
    { name = "django-modern-rpc" },
    { name = "httpx" },
    { name = "markdown" },
    { name = "psycopg" },
    { name = "sentry-sdk", extra = ["django"] },
    { name = "whitenoise" },
]

[package.dev-dependencies]
dev = [
    { name = "django-browser-reload" },
    { name = "django-watchfiles" },
    { name = "honcho" },
    { name = "ruff" },
]
prod = [
    { name = "gunicorn" },
    { name = "uvicorn-worker" },
]

[package.metadata]
requires-dist = [
    { name = "django", specifier = ">=6.0a1,<7.0" },
    { name = "django-analytical", specifier = ">=3.1.0" },
    { name = "django-environ", specifier = ">=0.12.0" },
    { name = "django-modern-rpc", specifier = ">=2.0" },
    { name = "httpx", specifier = ">=0.27.0" },
    { name = "markdown", specifier = ">=3.9" },
    { name = "psycopg", specifier = ">=3.2.0" },
    { name = "sentry-sdk", extras = ["django"], specifier = ">=2.41.0" },
    { name = "whitenoise", specifier = ">=6.2.0" },
]

[package.metadata.requires-dev]
dev = [
    { name = "django-browser-reload", specifier = ">=1.21.0" },
    { name = "django-watchfiles", specifier = ">=1.4.0" },
    { name = "honcho", specifier = ">=2.0.0" },
    { name = "ruff", specifier = ">=0.14.0" },
]
prod = [
    { name = "gunicorn", specifier = ">=23.0.0" },
    { name = "uvicorn-worker", specifier = ">=0.4.0" },
]

[[package]]
name = "packaging"
version = "26.1"
source = { registry = "https://pypi.org/simple" }
sdist = { url = "https://files.pythonhosted.org/packages/df/de/0d2b39fb4af88a0258f3bac87dfcbb48e73fbdea4a2ed0e2213f9a4c2f9a/packaging-26.1.tar.gz", hash = "sha256:f042152b681c4bfac5cae2742a55e103d27ab2ec0f3d88037136b6bfe7c9c5de", size = 215519, upload-time = "2026-04-14T21:12:49.362Z" }
wheels = [
    { url = "https://files.pythonhosted.org/packages/7a/c2/920ef838e2f0028c8262f16101ec09ebd5969864e5a64c4c05fad0617c56/packaging-26.1-py3-none-any.whl", hash = "sha256:5d9c0669c6285e491e0ced2eee587eaf67b670d94a19e94e3984a481aba6802f", size = 95831, upload-time = "2026-04-14T21:12:47.56Z" },
]

[[package]]
name = "psycopg"
version = "3.3.3"
source = { registry = "https://pypi.org/simple" }
dependencies = [
    { name = "tzdata", marker = "sys_platform == 'win32'" },
]
sdist = { url = "https://files.pythonhosted.org/packages/d3/b6/379d0a960f8f435ec78720462fd94c4863e7a31237cf81bf76d0af5883bf/psycopg-3.3.3.tar.gz", hash = "sha256:5e9a47458b3c1583326513b2556a2a9473a1001a56c9efe9e587245b43148dd9", size = 165624, upload-time = "2026-02-18T16:52:16.546Z" }
wheels = [
    { url = "https://files.pythonhosted.org/packages/c8/5b/181e2e3becb7672b502f0ed7f16ed7352aca7c109cfb94cf3878a9186db9/psycopg-3.3.3-py3-none-any.whl", hash = "sha256:f96525a72bcfade6584ab17e89de415ff360748c766f0106959144dcbb38c698", size = 212768, upload-time = "2026-02-18T16:46:27.365Z" },
]

[[package]]
name = "ruff"
version = "0.15.10"
source = { registry = "https://pypi.org/simple" }
sdist = { url = "https://files.pythonhosted.org/packages/e7/d9/aa3f7d59a10ef6b14fe3431706f854dbf03c5976be614a9796d36326810c/ruff-0.15.10.tar.gz", hash = "sha256:d1f86e67ebfdef88e00faefa1552b5e510e1d35f3be7d423dc7e84e63788c94e", size = 4631728, upload-time = "2026-04-09T14:06:09.884Z" }
wheels = [
    { url = "https://files.pythonhosted.org/packages/eb/00/a1c2fdc9939b2c03691edbda290afcd297f1f389196172826b03d6b6a595/ruff-0.15.10-py3-none-linux_armv6l.whl", hash = "sha256:0744e31482f8f7d0d10a11fcbf897af272fefdfcb10f5af907b18c2813ff4d5f", size = 10563362, upload-time = "2026-04-09T14:06:21.189Z" },
    { url = "https://files.pythonhosted.org/packages/5c/15/006990029aea0bebe9d33c73c3e28c80c391ebdba408d1b08496f00d422d/ruff-0.15.10-py3-none-macosx_10_12_x86_64.whl", hash = "sha256:b1e7c16ea0ff5a53b7c2df52d947e685973049be1cdfe2b59a9c43601897b22e", size = 10951122, upload-time = "2026-04-09T14:06:02.236Z" },
    { url = "https://files.pythonhosted.org/packages/f2/c0/4ac978fe874d0618c7da647862afe697b281c2806f13ce904ad652fa87e4/ruff-0.15.10-py3-none-macosx_11_0_arm64.whl", hash = "sha256:93cc06a19e5155b4441dd72808fdf84290d84ad8a39ca3b0f994363ade4cebb1", size = 10314005, upload-time = "2026-04-09T14:06:00.026Z" },
    { url = "https://files.pythonhosted.org/packages/da/73/c209138a5c98c0d321266372fc4e33ad43d506d7e5dd817dd89b60a8548f/ruff-0.15.10-py3-none-manylinux_2_17_aarch64.manylinux2014_aarch64.whl", hash = "sha256:83e1dd04312997c99ea6965df66a14fb4f03ba978564574ffc68b0d61fd3989e", size = 10643450, upload-time = "2026-04-09T14:05:42.137Z" },
    { url = "https://files.pythonhosted.org/packages/ec/76/0deec355d8ec10709653635b1f90856735302cb8e149acfdf6f82a5feb70/ruff-0.15.10-py3-none-manylinux_2_17_armv7l.manylinux2014_armv7l.whl", hash = "sha256:8154d43684e4333360fedd11aaa40b1b08a4e37d8ffa9d95fee6fa5b37b6fab1", size = 10379597, upload-time = "2026-04-09T14:05:49.984Z" },
    { url = "https://files.pythonhosted.org/packages/dc/be/86bba8fc8798c081e28a4b3bb6d143ccad3fd5f6f024f02002b8f08a9fa3/ruff-0.15.10-py3-none-manylinux_2_17_i686.manylinux2014_i686.whl", hash = "sha256:8ab88715f3a6deb6bde6c227f3a123410bec7b855c3ae331b4c006189e895cef", size = 11146645, upload-time = "2026-04-09T14:06:12.246Z" },
    { url = "https://files.pythonhosted.org/packages/a8/89/140025e65911b281c57be1d385ba1d932c2366ca88ae6663685aed8d4881/ruff-0.15.10-py3-none-manylinux_2_17_ppc64le.manylinux2014_ppc64le.whl", hash = "sha256:a768ff5969b4f44c349d48edf4ab4f91eddb27fd9d77799598e130fb628aa158", size = 12030289, upload-time = "2026-04-09T14:06:04.776Z" },
    { url = "https://files.pythonhosted.org/packages/88/de/ddacca9545a5e01332567db01d44bd8cf725f2db3b3d61a80550b48308ea/ruff-0.15.10-py3-none-manylinux_2_17_s390x.manylinux2014_s390x.whl", hash = "sha256:0ee3ef42dab7078bda5ff6a1bcba8539e9857deb447132ad5566a038674540d0", size = 11496266, upload-time = "2026-04-09T14:05:55.485Z" },
    { url = "https://files.pythonhosted.org/packages/bc/bb/7ddb00a83760ff4a83c4e2fc231fd63937cc7317c10c82f583302e0f6586/ruff-0.15.10-py3-none-manylinux_2_17_x86_64.manylinux2014_x86_64.whl", hash = "sha256:51cb8cc943e891ba99989dd92d61e29b1d231e14811db9be6440ecf25d5c1609", size = 11256418, upload-time = "2026-04-09T14:05:57.69Z" },
    { url = "https://files.pythonhosted.org/packages/dc/8d/55de0d35aacf6cd50b6ee91ee0f291672080021896543776f4170fc5c454/ruff-0.15.10-py3-none-manylinux_2_31_riscv64.whl", hash = "sha256:e59c9bdc056a320fb9ea1700a8d591718b8faf78af065484e801258d3a76bc3f", size = 11288416, upload-time = "2026-04-09T14:05:44.695Z" },
    { url = "https://files.pythonhosted.org/packages/68/cf/9438b1a27426ec46a80e0a718093c7f958ef72f43eb3111862949ead3cc1/ruff-0.15.10-py3-none-musllinux_1_2_aarch64.whl", hash = "sha256:136c00ca2f47b0018b073f28cb5c1506642a830ea941a60354b0e8bc8076b151", size = 10621053, upload-time = "2026-04-09T14:05:52.782Z" },
    { url = "https://files.pythonhosted.org/packages/4c/50/e29be6e2c135e9cd4cb15fbade49d6a2717e009dff3766dd080fcb82e251/ruff-0.15.10-py3-none-musllinux_1_2_armv7l.whl", hash = "sha256:8b80a2f3c9c8a950d6237f2ca12b206bccff626139be9fa005f14feb881a1ae8", size = 10378302, upload-time = "2026-04-09T14:06:14.361Z" },
    { url = "https://files.pythonhosted.org/packages/18/2f/e0b36a6f99c51bb89f3a30239bc7bf97e87a37ae80aa2d6542d6e5150364/ruff-0.15.10-py3-none-musllinux_1_2_i686.whl", hash = "sha256:e3e53c588164dc025b671c9df2462429d60357ea91af7e92e9d56c565a9f1b07", size = 10850074, upload-time = "2026-04-09T14:06:16.581Z" },
    { url = "https://files.pythonhosted.org/packages/11/08/874da392558ce087a0f9b709dc6ec0d60cbc694c1c772dab8d5f31efe8cb/ruff-0.15.10-py3-none-musllinux_1_2_x86_64.whl", hash = "sha256:b0c52744cf9f143a393e284125d2576140b68264a93c6716464e129a3e9adb48", size = 11358051, upload-time = "2026-04-09T14:06:18.948Z" },
    { url = "https://files.pythonhosted.org/packages/e4/46/602938f030adfa043e67112b73821024dc79f3ab4df5474c25fa4c1d2d14/ruff-0.15.10-py3-none-win32.whl", hash = "sha256:d4272e87e801e9a27a2e8df7b21011c909d9ddd82f4f3281d269b6ba19789ca5", size = 10588964, upload-time = "2026-04-09T14:06:07.14Z" },
    { url = "https://files.pythonhosted.org/packages/25/b6/261225b875d7a13b33a6d02508c39c28450b2041bb01d0f7f1a83d569512/ruff-0.15.10-py3-none-win_amd64.whl", hash = "sha256:28cb32d53203242d403d819fd6983152489b12e4a3ae44993543d6fe62ab42ed", size = 11745044, upload-time = "2026-04-09T14:05:39.473Z" },
    { url = "https://files.pythonhosted.org/packages/58/ed/dea90a65b7d9e69888890fb14c90d7f51bf0c1e82ad800aeb0160e4bacfd/ruff-0.15.10-py3-none-win_arm64.whl", hash = "sha256:601d1610a9e1f1c2165a4f561eeaa2e2ea1e97f3287c5aa258d3dab8b57c6188", size = 11035607, upload-time = "2026-04-09T14:05:47.593Z" },
]

[[package]]
name = "sentry-sdk"
version = "2.58.0"
source = { registry = "https://pypi.org/simple" }
dependencies = [
    { name = "certifi" },
    { name = "urllib3" },
]
sdist = { url = "https://files.pythonhosted.org/packages/26/b3/fb8291170d0e844173164709fc0fa0c221ed75a5da740c8746f2a83b4eb1/sentry_sdk-2.58.0.tar.gz", hash = "sha256:c1144d947352d54e5b7daa63596d9f848adf684989c06c4f5a659f0c85a18f6f", size = 438764, upload-time = "2026-04-13T17:23:26.265Z" }
wheels = [
    { url = "https://files.pythonhosted.org/packages/fa/eb/d875669993b762556ae8b2efd86219943b4c0864d22204d622a9aee3052b/sentry_sdk-2.58.0-py2.py3-none-any.whl", hash = "sha256:688d1c704ddecf382ea3326f21a67453d4caa95592d722b7c780a36a9d23109e", size = 460919, upload-time = "2026-04-13T17:23:24.675Z" },
]

[package.optional-dependencies]
django = [
    { name = "django" },
]

[[package]]
name = "sqlparse"
version = "0.5.5"
source = { registry = "https://pypi.org/simple" }
sdist = { url = "https://files.pythonhosted.org/packages/90/76/437d71068094df0726366574cf3432a4ed754217b436eb7429415cf2d480/sqlparse-0.5.5.tar.gz", hash = "sha256:e20d4a9b0b8585fdf63b10d30066c7c94c5d7a7ec47c889a2d83a3caa93ff28e", size = 120815, upload-time = "2025-12-19T07:17:45.073Z" }
wheels = [
    { url = "https://files.pythonhosted.org/packages/49/4b/359f28a903c13438ef59ebeee215fb25da53066db67b305c125f1c6d2a25/sqlparse-0.5.5-py3-none-any.whl", hash = "sha256:12a08b3bf3eec877c519589833aed092e2444e68240a3577e8e26148acc7b1ba", size = 46138, upload-time = "2025-12-19T07:17:46.573Z" },
]

[[package]]
name = "tzdata"
version = "2026.1"
source = { registry = "https://pypi.org/simple" }
sdist = { url = "https://files.pythonhosted.org/packages/19/f5/cd531b2d15a671a40c0f66cf06bc3570a12cd56eef98960068ebbad1bf5a/tzdata-2026.1.tar.gz", hash = "sha256:67658a1903c75917309e753fdc349ac0efd8c27db7a0cb406a25be4840f87f98", size = 197639, upload-time = "2026-04-03T11:25:22.002Z" }
wheels = [
    { url = "https://files.pythonhosted.org/packages/b0/70/d460bd685a170790ec89317e9bd33047988e4bce507b831f5db771e142de/tzdata-2026.1-py2.py3-none-any.whl", hash = "sha256:4b1d2be7ac37ceafd7327b961aa3a54e467efbdb563a23655fbfe0d39cfc42a9", size = 348952, upload-time = "2026-04-03T11:25:20.313Z" },
]

[[package]]
name = "urllib3"
version = "2.6.3"
source = { registry = "https://pypi.org/simple" }
sdist = { url = "https://files.pythonhosted.org/packages/c7/24/5f1b3bdffd70275f6661c76461e25f024d5a38a46f04aaca912426a2b1d3/urllib3-2.6.3.tar.gz", hash = "sha256:1b62b6884944a57dbe321509ab94fd4d3b307075e0c2eae991ac71ee15ad38ed", size = 435556, upload-time = "2026-01-07T16:24:43.925Z" }
wheels = [
    { url = "https://files.pythonhosted.org/packages/39/08/aaaad47bc4e9dc8c725e68f9d04865dbcb2052843ff09c97b08904852d84/urllib3-2.6.3-py3-none-any.whl", hash = "sha256:bf272323e553dfb2e87d9bfd225ca7b0f467b919d7bbd355436d3fd37cb0acd4", size = 131584, upload-time = "2026-01-07T16:24:42.685Z" },
]

[[package]]
name = "uvicorn"
version = "0.44.0"
source = { registry = "https://pypi.org/simple" }
dependencies = [
    { name = "click" },
    { name = "h11" },
]
sdist = { url = "https://files.pythonhosted.org/packages/5e/da/6eee1ff8b6cbeed47eeb5229749168e81eb4b7b999a1a15a7176e51410c9/uvicorn-0.44.0.tar.gz", hash = "sha256:6c942071b68f07e178264b9152f1f16dfac5da85880c4ce06366a96d70d4f31e", size = 86947, upload-time = "2026-04-06T09:23:22.826Z" }
wheels = [
    { url = "https://files.pythonhosted.org/packages/b7/23/a5bbd9600dd607411fa644c06ff4951bec3a4d82c4b852374024359c19c0/uvicorn-0.44.0-py3-none-any.whl", hash = "sha256:ce937c99a2cc70279556967274414c087888e8cec9f9c94644dfca11bd3ced89", size = 69425, upload-time = "2026-04-06T09:23:21.524Z" },
]

[[package]]
name = "uvicorn-worker"
version = "0.4.0"
source = { registry = "https://pypi.org/simple" }
dependencies = [
    { name = "gunicorn" },
    { name = "uvicorn" },
]
sdist = { url = "https://files.pythonhosted.org/packages/80/59/9101b9c0680fd80e9d26c07deb822a5d18a324339fcf9cd017885ee808ad/uvicorn_worker-0.4.0.tar.gz", hash = "sha256:8ee5306070d8f38dce124adce488c3c0b50f20cf0c0222b12c66188da7214493", size = 9361, upload-time = "2025-09-20T10:47:01.218Z" }
wheels = [
    { url = "https://files.pythonhosted.org/packages/90/25/09cd7a90c8bb7fb693be0d6704fccd5f9778d5513214b7a01cc4a94ff314/uvicorn_worker-0.4.0-py3-none-any.whl", hash = "sha256:e2ed952cef976f5e9e429d7269640bbcafbd36c80aa80f1003c8c77a6797abde", size = 5364, upload-time = "2025-09-20T10:46:59.776Z" },
]

[[package]]
name = "watchfiles"
version = "1.1.1"
source = { registry = "https://pypi.org/simple" }
dependencies = [
    { name = "anyio" },
]
sdist = { url = "https://files.pythonhosted.org/packages/c2/c9/8869df9b2a2d6c59d79220a4db37679e74f807c559ffe5265e08b227a210/watchfiles-1.1.1.tar.gz", hash = "sha256:a173cb5c16c4f40ab19cecf48a534c409f7ea983ab8fed0741304a1c0a31b3f2", size = 94440, upload-time = "2025-10-14T15:06:21.08Z" }
wheels = [
    { url = "https://files.pythonhosted.org/packages/c3/f4/0872229324ef69b2c3edec35e84bd57a1289e7d3fe74588048ed8947a323/watchfiles-1.1.1-cp314-cp314-macosx_10_12_x86_64.whl", hash = "sha256:d1715143123baeeaeadec0528bb7441103979a1d5f6fd0e1f915383fea7ea6d5", size = 404315, upload-time = "2025-10-14T15:05:26.501Z" },
    { url = "https://files.pythonhosted.org/packages/7b/22/16d5331eaed1cb107b873f6ae1b69e9ced582fcf0c59a50cd84f403b1c32/watchfiles-1.1.1-cp314-cp314-macosx_11_0_arm64.whl", hash = "sha256:39574d6370c4579d7f5d0ad940ce5b20db0e4117444e39b6d8f99db5676c52fd", size = 390869, upload-time = "2025-10-14T15:05:27.649Z" },
    { url = "https://files.pythonhosted.org/packages/b2/7e/5643bfff5acb6539b18483128fdc0ef2cccc94a5b8fbda130c823e8ed636/watchfiles-1.1.1-cp314-cp314-manylinux_2_17_aarch64.manylinux2014_aarch64.whl", hash = "sha256:7365b92c2e69ee952902e8f70f3ba6360d0d596d9299d55d7d386df84b6941fb", size = 449919, upload-time = "2025-10-14T15:05:28.701Z" },
    { url = "https://files.pythonhosted.org/packages/51/2e/c410993ba5025a9f9357c376f48976ef0e1b1aefb73b97a5ae01a5972755/watchfiles-1.1.1-cp314-cp314-manylinux_2_17_armv7l.manylinux2014_armv7l.whl", hash = "sha256:bfff9740c69c0e4ed32416f013f3c45e2ae42ccedd1167ef2d805c000b6c71a5", size = 460845, upload-time = "2025-10-14T15:05:30.064Z" },
    { url = "https://files.pythonhosted.org/packages/8e/a4/2df3b404469122e8680f0fcd06079317e48db58a2da2950fb45020947734/watchfiles-1.1.1-cp314-cp314-manylinux_2_17_i686.manylinux2014_i686.whl", hash = "sha256:b27cf2eb1dda37b2089e3907d8ea92922b673c0c427886d4edc6b94d8dfe5db3", size = 489027, upload-time = "2025-10-14T15:05:31.064Z" },
    { url = "https://files.pythonhosted.org/packages/ea/84/4587ba5b1f267167ee715b7f66e6382cca6938e0a4b870adad93e44747e6/watchfiles-1.1.1-cp314-cp314-manylinux_2_17_ppc64le.manylinux2014_ppc64le.whl", hash = "sha256:526e86aced14a65a5b0ec50827c745597c782ff46b571dbfe46192ab9e0b3c33", size = 595615, upload-time = "2025-10-14T15:05:32.074Z" },
    { url = "https://files.pythonhosted.org/packages/6a/0f/c6988c91d06e93cd0bb3d4a808bcf32375ca1904609835c3031799e3ecae/watchfiles-1.1.1-cp314-cp314-manylinux_2_17_s390x.manylinux2014_s390x.whl", hash = "sha256:04e78dd0b6352db95507fd8cb46f39d185cf8c74e4cf1e4fbad1d3df96faf510", size = 474836, upload-time = "2025-10-14T15:05:33.209Z" },
    { url = "https://files.pythonhosted.org/packages/b4/36/ded8aebea91919485b7bbabbd14f5f359326cb5ec218cd67074d1e426d74/watchfiles-1.1.1-cp314-cp314-manylinux_2_17_x86_64.manylinux2014_x86_64.whl", hash = "sha256:5c85794a4cfa094714fb9c08d4a218375b2b95b8ed1666e8677c349906246c05", size = 455099, upload-time = "2025-10-14T15:05:34.189Z" },
    { url = "https://files.pythonhosted.org/packages/98/e0/8c9bdba88af756a2fce230dd365fab2baf927ba42cd47521ee7498fd5211/watchfiles-1.1.1-cp314-cp314-musllinux_1_1_aarch64.whl", hash = "sha256:74d5012b7630714b66be7b7b7a78855ef7ad58e8650c73afc4c076a1f480a8d6", size = 630626, upload-time = "2025-10-14T15:05:35.216Z" },
    { url = "https://files.pythonhosted.org/packages/2a/84/a95db05354bf2d19e438520d92a8ca475e578c647f78f53197f5a2f17aaf/watchfiles-1.1.1-cp314-cp314-musllinux_1_1_x86_64.whl", hash = "sha256:8fbe85cb3201c7d380d3d0b90e63d520f15d6afe217165d7f98c9c649654db81", size = 622519, upload-time = "2025-10-14T15:05:36.259Z" },
    { url = "https://files.pythonhosted.org/packages/1d/ce/d8acdc8de545de995c339be67711e474c77d643555a9bb74a9334252bd55/watchfiles-1.1.1-cp314-cp314-win32.whl", hash = "sha256:3fa0b59c92278b5a7800d3ee7733da9d096d4aabcfabb9a928918bd276ef9b9b", size = 272078, upload-time = "2025-10-14T15:05:37.63Z" },
    { url = "https://files.pythonhosted.org/packages/c4/c9/a74487f72d0451524be827e8edec251da0cc1fcf111646a511ae752e1a3d/watchfiles-1.1.1-cp314-cp314-win_amd64.whl", hash = "sha256:c2047d0b6cea13b3316bdbafbfa0c4228ae593d995030fda39089d36e64fc03a", size = 287664, upload-time = "2025-10-14T15:05:38.95Z" },
    { url = "https://files.pythonhosted.org/packages/df/b8/8ac000702cdd496cdce998c6f4ee0ca1f15977bba51bdf07d872ebdfc34c/watchfiles-1.1.1-cp314-cp314-win_arm64.whl", hash = "sha256:842178b126593addc05acf6fce960d28bc5fae7afbaa2c6c1b3a7b9460e5be02", size = 277154, upload-time = "2025-10-14T15:05:39.954Z" },
    { url = "https://files.pythonhosted.org/packages/47/a8/e3af2184707c29f0f14b1963c0aace6529f9d1b8582d5b99f31bbf42f59e/watchfiles-1.1.1-cp314-cp314t-macosx_10_12_x86_64.whl", hash = "sha256:88863fbbc1a7312972f1c511f202eb30866370ebb8493aef2812b9ff28156a21", size = 403820, upload-time = "2025-10-14T15:05:40.932Z" },
    { url = "https://files.pythonhosted.org/packages/c0/ec/e47e307c2f4bd75f9f9e8afbe3876679b18e1bcec449beca132a1c5ffb2d/watchfiles-1.1.1-cp314-cp314t-macosx_11_0_arm64.whl", hash = "sha256:55c7475190662e202c08c6c0f4d9e345a29367438cf8e8037f3155e10a88d5a5", size = 390510, upload-time = "2025-10-14T15:05:41.945Z" },
    { url = "https://files.pythonhosted.org/packages/d5/a0/ad235642118090f66e7b2f18fd5c42082418404a79205cdfca50b6309c13/watchfiles-1.1.1-cp314-cp314t-manylinux_2_17_aarch64.manylinux2014_aarch64.whl", hash = "sha256:3f53fa183d53a1d7a8852277c92b967ae99c2d4dcee2bfacff8868e6e30b15f7", size = 448408, upload-time = "2025-10-14T15:05:43.385Z" },
    { url = "https://files.pythonhosted.org/packages/df/85/97fa10fd5ff3332ae17e7e40e20784e419e28521549780869f1413742e9d/watchfiles-1.1.1-cp314-cp314t-manylinux_2_17_armv7l.manylinux2014_armv7l.whl", hash = "sha256:6aae418a8b323732fa89721d86f39ec8f092fc2af67f4217a2b07fd3e93c6101", size = 458968, upload-time = "2025-10-14T15:05:44.404Z" },
    { url = "https://files.pythonhosted.org/packages/47/c2/9059c2e8966ea5ce678166617a7f75ecba6164375f3b288e50a40dc6d489/watchfiles-1.1.1-cp314-cp314t-manylinux_2_17_i686.manylinux2014_i686.whl", hash = "sha256:f096076119da54a6080e8920cbdaac3dbee667eb91dcc5e5b78840b87415bd44", size = 488096, upload-time = "2025-10-14T15:05:45.398Z" },
    { url = "https://files.pythonhosted.org/packages/94/44/d90a9ec8ac309bc26db808a13e7bfc0e4e78b6fc051078a554e132e80160/watchfiles-1.1.1-cp314-cp314t-manylinux_2_17_ppc64le.manylinux2014_ppc64le.whl", hash = "sha256:00485f441d183717038ed2e887a7c868154f216877653121068107b227a2f64c", size = 596040, upload-time = "2025-10-14T15:05:46.502Z" },
    { url = "https://files.pythonhosted.org/packages/95/68/4e3479b20ca305cfc561db3ed207a8a1c745ee32bf24f2026a129d0ddb6e/watchfiles-1.1.1-cp314-cp314t-manylinux_2_17_s390x.manylinux2014_s390x.whl", hash = "sha256:a55f3e9e493158d7bfdb60a1165035f1cf7d320914e7b7ea83fe22c6023b58fc", size = 473847, upload-time = "2025-10-14T15:05:47.484Z" },
    { url = "https://files.pythonhosted.org/packages/4f/55/2af26693fd15165c4ff7857e38330e1b61ab8c37d15dc79118cdba115b7a/watchfiles-1.1.1-cp314-cp314t-manylinux_2_17_x86_64.manylinux2014_x86_64.whl", hash = "sha256:8c91ed27800188c2ae96d16e3149f199d62f86c7af5f5f4d2c61a3ed8cd3666c", size = 455072, upload-time = "2025-10-14T15:05:48.928Z" },
    { url = "https://files.pythonhosted.org/packages/66/1d/d0d200b10c9311ec25d2273f8aad8c3ef7cc7ea11808022501811208a750/watchfiles-1.1.1-cp314-cp314t-musllinux_1_1_aarch64.whl", hash = "sha256:311ff15a0bae3714ffb603e6ba6dbfba4065ab60865d15a6ec544133bdb21099", size = 629104, upload-time = "2025-10-14T15:05:49.908Z" },
    { url = "https://files.pythonhosted.org/packages/e3/bd/fa9bb053192491b3867ba07d2343d9f2252e00811567d30ae8d0f78136fe/watchfiles-1.1.1-cp314-cp314t-musllinux_1_1_x86_64.whl", hash = "sha256:a916a2932da8f8ab582f242c065f5c81bed3462849ca79ee357dd9551b0e9b01", size = 622112, upload-time = "2025-10-14T15:05:50.941Z" },
]

[[package]]
name = "whitenoise"
version = "6.12.0"
source = { registry = "https://pypi.org/simple" }
sdist = { url = "https://files.pythonhosted.org/packages/cb/2a/55b3f3a4ec326cd077c1c3defeee656b9298372a69229134d930151acd01/whitenoise-6.12.0.tar.gz", hash = "sha256:f723ebb76a112e98816ff80fcea0a6c9b8ecde835f8ddda25df7a30a3c2db6ad", size = 26841, upload-time = "2026-02-27T00:05:42.028Z" }
wheels = [
    { url = "https://files.pythonhosted.org/packages/db/eb/d5583a11486211f3ebd4b385545ae787f32363d453c19fffd81106c9c138/whitenoise-6.12.0-py3-none-any.whl", hash = "sha256:fc5e8c572e33ebf24795b47b6a7da8da3c00cff2349f5b04c02f28d0cc5a3cc2", size = 20302, upload-time = "2026-02-27T00:05:40.086Z" },
]
